
Microsoft Visual Studio Solution File, Format Version 12.00
# Visual Studio Version 17
VisualStudioVersion = 17.5.33516.290
MinimumVisualStudioVersion = 10.0.40219.1
Project("{9A19103F-16F7-4668-BE54-9A1E7A4F7556}") = "GenderSelector", "GenderSelector\GenderSelector.csproj", "{493C14C9-662A-4EEC-AC75-C0E484B14B23}"
EndProject
Global
	GlobalSection(SolutionConfigurationPlatforms) = preSolution
		Debug|Any CPU = Debug|Any CPU
		Release|Any CPU = Release|Any CPU
	EndGlobalSection
	GlobalSection(ProjectConfigurationPlatforms) = postSolution
		{493C14C9-662A-4EEC-AC75-C0E484B14B23}.Debug|Any CPU.ActiveCfg = Debug|Any CPU
		{493C14C9-662A-4EEC-AC75-C0E484B14B23}.Debug|Any CPU.Build.0 = Debug|Any CPU
		{493C14C9-662A-4EEC-AC75-C0E484B14B23}.Release|Any CPU.ActiveCfg = Release|Any CPU
		{493C14C9-662A-4EEC-AC75-C0E484B14B23}.Release|Any CPU.Build.0 = Release|Any CPU
	EndGlobalSection
	GlobalSection(SolutionProperties) = preSolution
		HideSolutionNode = FALSE
	EndGlobalSection
	GlobalSection(ExtensibilityGlobals) = postSolution
		SolutionGuid = {F4CF53D7-623F-4C7D-B93D-A941D9DAA8D6}
	EndGlobalSection
EndGlobal
